Microsoft Visual Studio Solution File, Format Version 12.00
# Visual Studio 15
VisualStudioVersion = 15.0.28307.1401
MinimumVisualStudioVersion = 10.0.40219.1
Project("{FAE04EC0-301F-11D3-BF4B-00C04F79EFBC}") = "UniEye.Base", "Reference\UniEye.Base\UniEye.Base.csproj", "{0BD31B0D-4675-460F-BF03-82AFAFDD1D1F}"
EndProject
Project("{FAE04EC0-301F-11D3-BF4B-00C04F79EFBC}") = "DynMvp", "Reference\DynMvp\DynMvp.csproj", "{532B9DD5-C3DC-4F76-8CF4-233C867FC2D3}"
EndProject
Project("{FAE04EC0-301F-11D3-BF4B-00C04F79EFBC}") = "DynMvp.Data", "Reference\DynMvp.Data\DynMvp.Data.csproj", "{88F6F6BE-0858-41E6-9CE2-3704AEFC12A7}"
EndProject
Project("{FAE04EC0-301F-11D3-BF4B-00C04F79EFBC}") = "DynMvp.Device", "Reference\DynMvp.Device\DynMvp.Device.csproj", "{6BCC6601-4E70-4066-889C-CDA17497878A}"
EndProject
Project("{FAE04EC0-301F-11D3-BF4B-00C04F79EFBC}") = "DynMvp.Vision", "Reference\DynMvp.Vision\DynMvp.Vision.csproj", "{146F582A-9D90-4EBB-8D2A-52C34D1A6FAA}"
EndProject
Project("{FAE04EC0-301F-11D3-BF4B-00C04F79EFBC}") = "UniScanM", "UniScanM\UniScanM\UniScanM.csproj", "{B76F4559-5319-42F1-9FF5-B50A86F9F42A}"
EndProject
Project("{2150E333-8FDC-42A3-9474-1A3956D46DE8}") = "Reference", "Reference", "{B6FF48BA-3E72-4A24-844C-00D565AC0A14}"
EndProject
Project("{2150E333-8FDC-42A3-9474-1A3956D46DE8}") = "UniScanM", "UniScanM", "{C4441AFD-AEBF-4AEA-8BE8-2C27F3CC962A}"
EndProject
Project("{FAE04EC0-301F-11D3-BF4B-00C04F79EFBC}") = "UniScanM.StillImage", "UniScanM\UniScanM.StillImage\UniScanM.StillImage.csproj", "{31D44018-B406-4AB2-9E29-6A301D72C752}"
EndProject
Project("{2150E333-8FDC-42A3-9474-1A3956D46DE8}") = "Test", "Test", "{6FF659D0-3D15-43D1-9FFC-4DDFBEA9718F}"
EndProject
Project("{FAE04EC0-301F-11D3-BF4B-00C04F79EFBC}") = "AlphaMotionMove", "Test\AlphaMotionMove\AlphaMotionMove.csproj", "{E71833D5-90EF-476C-9EF0-A54ECCA8F89B}"
EndProject
Project("{2150E333-8FDC-42A3-9474-1A3956D46DE8}") = "Utility", "Utility", "{F880D426-F51F-4EE2-BFE1-DEBBB3370A53}"
EndProject
Project("{FAE04EC0-301F-11D3-BF4B-00C04F79EFBC}") = "UnieyeLauncher", "Utility\UnieyeLauncher\UnieyeLauncher.csproj", "{BA55C84C-C99C-45CF-BAE5-313111435EF2}"
EndProject
Project("{FAE04EC0-301F-11D3-BF4B-00C04F79EFBC}") = "CameraCalibration", "Utility\CameraCalibration\CameraCalibration.csproj", "{958FF4A0-9B33-4D1A-9F6B-778EE0404E29}"
EndProject
Project("{FAE04EC0-301F-11D3-BF4B-00C04F79EFBC}") = "UniScanM.ColorSens", "UniScanM\UniScanM.Color\UniScanM.ColorSens.csproj", "{A35BDC68-90FE-4235-AB8E-22909A342DDD}"
EndProject
Project("{FAE04EC0-301F-11D3-BF4B-00C04F79EFBC}") = "UniScanM.EDMS", "UniScanM\UniScanM.EDMS\UniScanM.EDMS.csproj", "{780A8AEB-BF39-4A8F-9E61-C7FC4F0C360C}"
EndProject
Project("{FAE04EC0-301F-11D3-BF4B-00C04F79EFBC}") = "UniScanM.RVMS", "UniScanM\UniScanM.RVMS\UniScanM.RVMS.csproj", "{F862D675-0839-4DFE-8331-632D7D93FD2B}"
EndProject
Project("{FAE04EC0-301F-11D3-BF4B-00C04F79EFBC}") = "UnieyeBatteryChecker", "Utility\UnieyeBatteryChecker\UnieyeBatteryChecker.csproj", "{EDB385ED-F65B-4A17-B01C-FFC45F87F395}"
EndProject
Project("{FAE04EC0-301F-11D3-BF4B-00C04F79EFBC}") = "ExcelExport", "Test\ExcelExport\ExcelExport.csproj", "{B647AA2B-5321-4F97-8AA4-6D3EB4BBBB6F}"
EndProject
Project("{FAE04EC0-301F-11D3-BF4B-00C04F79EFBC}") = "DataCollector", "Utility\DataCollector\DataCollector.csproj", "{7343E094-7498-4127-B5BF-690199A9BE97}"
EndProject
Project("{FAE04EC0-301F-11D3-BF4B-00C04F79EFBC}") = "ImageSave", "Test\ImageSave\ImageSave.csproj", "{33E74ECA-65BE-4B02-83B1-4920BC5E2377}"
EndProject
Project("{FAE04EC0-301F-11D3-BF4B-00C04F79EFBC}") = "UserManager", "Utility\UserManager\UserManager.csproj", "{C790B7E6-FF8A-4A33-B05D-80611D47DDEC}"
EndProject
Project("{FAE04EC0-301F-11D3-BF4B-00C04F79EFBC}") = "MakeDefectImage", "Test\MakeDefectImage\MakeDefectImage.csproj", "{576A1A0E-E31B-4BB1-BAB6-988DB24AC9B6}"
EndProject
Project("{FAE04EC0-301F-11D3-BF4B-00C04F79EFBC}") = "SWValidater", "Utility\SWValidater\SWValidater.csproj", "{37A79BE6-430A-4B30-BA84-FDFF760DF270}"
EndProject
Project("{2150E333-8FDC-42A3-9474-1A3956D46DE8}") = "Xaml", "Xaml", "{749E8F8F-F83B-411F-B2C0-3AC4041353B2}"
EndProject
Project("{FAE04EC0-301F-11D3-BF4B-00C04F79EFBC}") = "UniScanM.Pinhole", "UniScanM\UniScanM.Pinhole\UniScanM.Pinhole.csproj", "{16528750-631B-444F-8B2E-2BDC2847157F}"
EndProject
Project("{FAE04EC0-301F-11D3-BF4B-00C04F79EFBC}") = "FastCanvasPanel", "Test\FastCanvasPanel\FastCanvasPanel.csproj", "{0DA5D240-2E0A-48F5-9826-BC72B4BDDB47}"
EndProject
Project("{FAE04EC0-301F-11D3-BF4B-00C04F79EFBC}") = "MIL_vs_CUDA", "Test\MIL_vs_CUDA\MIL_vs_CUDA.csproj", "{4E540BE5-65F2-4CD0-8AA8-81CFCB53BA75}"
EndProject
Project("{FAE04EC0-301F-11D3-BF4B-00C04F79EFBC}") = "UniScanWPF", "Xaml\Framwork\WPF\Samsung\UniScanWPF\UniScanWPF.csproj", "{2907F38C-7BA3-42BB-AB9C-E9B3C4CCBD76}"
EndProject
Project("{FAE04EC0-301F-11D3-BF4B-00C04F79EFBC}") = "UniScanWPF.Screen.PinHoleColor", "Xaml\Framwork\WPF\Samsung\UniScanWPF.Screen.PinHoleColor\UniScanWPF.Screen.PinHoleColor.csproj", "{0902BA13-959B-4B0E-A559-7E93CFA60B4B}"
EndProject
Project("{FAE04EC0-301F-11D3-BF4B-00C04F79EFBC}") = "UniScanWPF.Table", "Xaml\Framwork\WPF\Samsung\UniScanWPF.Table\UniScanWPF.Table.csproj", "{F944A89B-488F-4BD0-9F9A-4C36E93DFD44}"
EndProject
Project("{FAE04EC0-301F-11D3-BF4B-00C04F79EFBC}") = "WpfControlLibrary", "Xaml\Framwork\WPF\Samsung\WpfControlLibrary\WpfControlLibrary.csproj", "{879EE343-D5D0-48A4-9F9A-FEC6CE364786}"
EndProject
Project("{2150E333-8FDC-42A3-9474-1A3956D46DE8}") = "WPF", "WPF", "{7B4FC8FC-F230-45C5-82DC-6002F2D56B41}"
EndProject
Project("{2150E333-8FDC-42A3-9474-1A3956D46DE8}") = "Framework", "Framework", "{4088F98C-0F64-496D-B2BD-017CBE0D6394}"
EndProject
Project("{2150E333-8FDC-42A3-9474-1A3956D46DE8}") = "Samsung", "Samsung", "{2976DA9D-5BEA-4DB3-930C-FCAD8FDC4D13}"
EndProject
Project("{2150E333-8FDC-42A3-9474-1A3956D46DE8}") = "Cuda", "Cuda", "{9C69C5A3-7095-40B2-98D8-8E26164D3B44}"
EndProject
Project("{8BC9CEB8-8B4A-11D0-8D11-00A0C91BC942}") = "cuCUDAs", "Cuda\cuCUDAs\cuCUDAs.vcxproj", "{C0FB3279-D492-43BC-89D4-A481F51EA4AE}"
EndProject
Project("{FAE04EC0-301F-11D3-BF4B-00C04F79EFBC}") = "ConditionEditor", "Test\ConditionEditor\ConditionEditor.csproj", "{62A1B49D-E05B-4373-8AA6-03E8EC07838C}"
EndProject
Project("{FAE04EC0-301F-11D3-BF4B-00C04F79EFBC}") = "ProfilePanelTest", "Test\ProfilePanel\ProfilePanelTest.csproj", "{75C390CD-CB53-4971-A063-B3D6F0345B4F}"
EndProject
Project("{FAE04EC0-301F-11D3-BF4B-00C04F79EFBC}") = "SEDMS_SENSOR_TEST", "Test\SEDMS_SENSOR_TEST\SEDMS_SENSOR_TEST.csproj", "{4EDDA407-B9AD-423C-AC21-C345EAEF8D42}"
EndProject
Project("{2150E333-8FDC-42A3-9474-1A3956D46DE8}") = "UniScanG", "UniScanG", "{A38F4419-6FF0-4268-832E-F7D0E121098F}"
EndProject
Project("{FAE04EC0-301F-11D3-BF4B-00C04F79EFBC}") = "UniScanG", "UniScanG\UniScanG\UniScanG.csproj", "{89DA2494-05A2-4464-8658-2C5193B9463B}"
	ProjectSection(ProjectDependencies) = postProject
		{5A0CE351-40D8-405A-A9FD-28B7A3755CDC} = {5A0CE351-40D8-405A-A9FD-28B7A3755CDC}
	EndProjectSection
EndProject
Project("{FAE04EC0-301F-11D3-BF4B-00C04F79EFBC}") = "UniScanG.Common", "UniScanG\UniScanG.Common\UniScanG.Common.csproj", "{278FA4C9-9E04-44EC-ACB2-2CBF0201E47B}"
EndProject
Project("{FAE04EC0-301F-11D3-BF4B-00C04F79EFBC}") = "UniScanG.Module.Inspector", "UniScanG\UniScanG.Module.Inspector\UniScanG.Module.Inspector.csproj", "{6B737D07-A337-489D-96B6-D79D8836EED6}"
EndProject
Project("{2150E333-8FDC-42A3-9474-1A3956D46DE8}") = "UniScanS", "UniScanS", "{FF3A13D0-593C-49A4-917C-8CB56ED6AB07}"
EndProject
Project("{FAE04EC0-301F-11D3-BF4B-00C04F79EFBC}") = "UniScanS", "UniScanS\UniScanS\UniScanS.csproj", "{851FB6FA-7740-44B8-9ED1-AD92058B5F68}"
EndProject
Project("{FAE04EC0-301F-11D3-BF4B-00C04F79EFBC}") = "UniScanS.Inspector", "UniScanS\UniScanS.Inspector\UniScanS.Inspector.csproj", "{D27E7D32-E086-4CA1-A1C4-61F2CFC96E99}"
EndProject
Project("{FAE04EC0-301F-11D3-BF4B-00C04F79EFBC}") = "UniScanS.Monitor", "UniScanS\UniScanS.Monitor\UniScanS.Monitor.csproj", "{9814CB2F-F8F1-40B3-9F77-56D7C92994FB}"
EndProject
Project("{FAE04EC0-301F-11D3-BF4B-00C04F79EFBC}") = "UniScanS.Common", "UniScanS\UniScanS.Common\UniScanS.Common.csproj", "{D4E91BA9-A568-4EC8-93DC-FD14A012026B}"
EndProject
Project("{FAE04EC0-301F-11D3-BF4B-00C04F79EFBC}") = "UniScanG.Module.Controller", "UniScanG\UniScanG.Module.Controller\UniScanG.Module.Controller.csproj", "{973EF609-111C-4845-B222-48D2653A27C0}"
EndProject
Project("{FAE04EC0-301F-11D3-BF4B-00C04F79EFBC}") = "UniScanG.Module.Monitor", "UniScanG\UniScanG.Module.Monitor\UniScanG.Module.Monitor.csproj", "{4F0D8D8A-EBDE-4092-93D6-5C8AC1E758B4}"
EndProject
Project("{FAE04EC0-301F-11D3-BF4B-00C04F79EFBC}") = "UniScanM.CEDMS", "UniScanM\UniScanM.CEDMS\UniScanM.CEDMS.csproj", "{29FD42D2-64C1-45C9-AB9A-D223E1334522}"
EndProject
Project("{FAE04EC0-301F-11D3-BF4B-00C04F79EFBC}") = "Serial2Io", "Test\Serial2Io\Serial2Io.csproj", "{D616CBB4-B2EB-4787-8BB9-08968A580F56}"
EndProject
Project("{FAE04EC0-301F-11D3-BF4B-00C04F79EFBC}") = "UniSensorLed", "Test\UniSensorLed\UniSensorLed.csproj", "{7F946B56-711E-48E8-A4A8-69A206D55EE9}"
EndProject
Project("{FAE04EC0-301F-11D3-BF4B-00C04F79EFBC}") = "UniScanM.Gloss", "UniScanM\UniScanM.Gloss\UniScanM.Gloss.csproj", "{F39A45C6-FE07-4B27-9F9B-7AA93F0E6BEB}"
EndProject
Project("{2150E333-8FDC-42A3-9474-1A3956D46DE8}") = "Vision", "Vision", "{582E2425-A138-48AC-B8B6-CC913AAEFD4D}"
EndProject
Project("{8BC9CEB8-8B4A-11D0-8D11-00A0C91BC942}") = "UniScanG.Vision", "UniScanG\Vision\UniScanG.Vision\UniScanG.Vision.vcxproj", "{5A0CE351-40D8-405A-A9FD-28B7A3755CDC}"
EndProject
Project("{FAE04EC0-301F-11D3-BF4B-00C04F79EFBC}") = "UniScanG.Vision.Test", "UniScanG\Vision\UniScanG.Vision.Test\UniScanG.Vision.Test.csproj", "{74D0A268-FD7E-4B01-BB67-E6B65070452F}"
	ProjectSection(ProjectDependencies) = postProject
		{5A0CE351-40D8-405A-A9FD-28B7A3755CDC} = {5A0CE351-40D8-405A-A9FD-28B7A3755CDC}
	EndProjectSection
EndProject
Project("{FAE04EC0-301F-11D3-BF4B-00C04F79EFBC}") = "UniScanM.CGInspector", "UniScanM\UniScanM.CGInspector\UniScanM.CGInspector.csproj", "{2C974F5A-243A-435A-AA19-3E418BE256DE}"
EndProject
Project("{2150E333-8FDC-42A3-9474-1A3956D46DE8}") = "Utility", "Utility", "{7AF233DF-35B8-4492-BDDA-884A52BE8949}"
EndProject
Project("{FAE04EC0-301F-11D3-BF4B-00C04F79EFBC}") = "ProductionRecover", "UniScanG\Utility\ProductionRecover\ProductionRecover.csproj", "{D18DEEE7-C805-40E1-9ED9-33AACD1A0540}"
EndProject
Project("{FAE04EC0-301F-11D3-BF4B-00C04F79EFBC}") = "minsongCV", "Test\minsongCV\minsongCV\minsongCV.csproj", "{9756BC75-5435-4FB7-BA0E-B1371F0A2996}"
EndProject
Project("{FAE04EC0-301F-11D3-BF4B-00C04F79EFBC}") = "PadMonitor", "Test\PadMonitor\PadMonitor.csproj", "{A00A0C9D-D12F-4089-8302-3BC3EB0F531E}"
EndProject
Project("{FAE04EC0-301F-11D3-BF4B-00C04F79EFBC}") = "RCI_Test", "Test\RCI_Test\RCI_Test.csproj", "{B2744F26-FC35-4351-970F-7834511F8812}"
EndProject
Project("{2150E333-8FDC-42A3-9474-1A3956D46DE8}") = "UniScanX", "UniScanX", "{C4BB6294-7216-4F78-9595-748A51ECDCAA}"
EndProject
Project("{FAE04EC0-301F-11D3-BF4B-00C04F79EFBC}") = "UniScanX.MPAlignment", "UniScanX\MPAlignment\UniScanX.MPAlignment.csproj", "{80AF2E1B-7B13-491D-9C7B-8DFF5414A618}"
EndProject
Project("{2150E333-8FDC-42A3-9474-1A3956D46DE8}") = "Test", "Test", "{6DD1F516-2816-4308-846B-95E4D454FA58}"
EndProject
Project("{FAE04EC0-301F-11D3-BF4B-00C04F79EFBC}") = "SheetFinderTest", "UniScanG\Test\SheetFinderTest\SheetFinderTest.csproj", "{928F1530-124F-4360-9533-EF475FE9E089}"
EndProject
Project("{FAE04EC0-301F-11D3-BF4B-00C04F79EFBC}") = "LightiCoreTest", "Test\LightiCoreTest\LightiCoreTest.csproj", "{813F4B18-2FF7-468E-9B7B-E65D3ABBDD42}"
EndProject
Project("{FAE04EC0-301F-11D3-BF4B-00C04F79EFBC}") = "PyramidDownTeachTest", "UniScanG\Test\PyramidDownTeachTest\PyramidDownTeachTest.csproj", "{C7CF213E-C500-4252-8B02-76F44B21A4F2}"
EndProject
Project("{FAE04EC0-301F-11D3-BF4B-00C04F79EFBC}") = "UI", "Xaml\Framwork\WPF\Test\UI\UI.csproj", "{EB48AC36-90B8-4767-B74E-3E81689B4F05}"
EndProject
Project("{2150E333-8FDC-42A3-9474-1A3956D46DE8}") = "TEST", "TEST", "{ABBC5C9B-D5FC-4655-9D66-58BD35ADD314}"
EndProject
Project("{FAE04EC0-301F-11D3-BF4B-00C04F79EFBC}") = "MarginMaesure", "Xaml\Framwork\WPF\Test\MarginMaesure\MarginMaesure.csproj", "{4BEE065A-90A7-471C-B508-AFE44C0FBB06}"
EndProject
Project("{FAE04EC0-301F-11D3-BF4B-00C04F79EFBC}") = "SaperaGrabTest", "UniScanG\Test\SaperaGrabTest\SaperaGrabTest.csproj", "{969B0F26-2C19-44F2-BED7-69B30ABEB0A6}"
EndProject
Project("{FAE04EC0-301F-11D3-BF4B-00C04F79EFBC}") = "SimpleCameraCalibration", "UniScanG\Utility\SimpleCameraCalibration\SimpleCameraCalibration.csproj", "{846E315A-CA7A-43CC-9CEE-B8485FC3308E}"
EndProject
Project("{FAE04EC0-301F-11D3-BF4B-00C04F79EFBC}") = "SimpleQualityChecker", "UniScanG\Utility\SimpleQualityChecker\SimpleQualityChecker.csproj", "{6A2B050D-9328-4228-95C3-1FD6AA4B0DF3}"
EndProject
Project("{FAE04EC0-301F-11D3-BF4B-00C04F79EFBC}") = "MatroxTest", "Test\MatroxTest\MatroxTest.csproj", "{7B1241EC-F38E-48A2-A577-EDD684223A9C}"
EndProject
Project("{FAE04EC0-301F-11D3-BF4B-00C04F79EFBC}") = "DataAnalyzer", "UniScanG\Utility\DataAnalyzer\DataAnalyzer.csproj", "{01AED387-A6F4-4533-931F-E2586C7D7D7A}"
EndProject
Project("{FAE04EC0-301F-11D3-BF4B-00C04F79EFBC}") = "ThumbnailGen", "Utility\ThumbnailGen\ThumbnailGen.csproj", "{6063B3C0-645D-4CAA-8CB6-0D8513DF6B08}"
EndProject
Project("{FAE04EC0-301F-11D3-BF4B-00C04F79EFBC}") = "UniScanM.EDMSW", "UniScanM\UniScanM.EDMSW\UniScanM.EDMSW.csproj", "{06E94CB0-41BE-4A31-930A-3F42818953A7}"
EndProject
Project("{FAE04EC0-301F-11D3-BF4B-00C04F79EFBC}") = "LicenseManager", "Utility\LicenseManager\LicenseManager.csproj", "{D7609AC8-4A21-4ED7-BD32-D6175560F76D}"
EndProject
Project("{FAE04EC0-301F-11D3-BF4B-00C04F79EFBC}") = "UniScanG.Module.Observer", "UniScanG\UniScanG.Module.Observer\UniScanG.Module.Observer.csproj", "{8E7443EB-77BD-45FF-88B1-275CE294288E}"
EndProject
Project("{FAE04EC0-301F-11D3-BF4B-00C04F79EFBC}") = "AutoParamTuner", "UniScanG\Utility\AutoParamTuner\AutoParamTuner.csproj", "{624B625C-2420-4B5A-8394-3FA893D345C4}"
EndProject
Project("{FAE04EC0-301F-11D3-BF4B-00C04F79EFBC}") = "BasePositionFinder", "UniScanG\Test\BasePositionFinder\BasePositionFinder.csproj", "{DF9453F2-5D25-4BF8-845B-B07742E93E2E}"
EndProject
Project("{FAE04EC0-301F-11D3-BF4B-00C04F79EFBC}") = "StringManager", "Utility\StringManager\StringManager.csproj", "{C0D1BFE9-46D9-4C57-8618-71C28BBBD6E7}"
EndProject
Project("{FAE04EC0-301F-11D3-BF4B-00C04F79EFBC}") = "ImageConverter", "Utility\ImageConverter\ImageConverter.csproj", "{E4ABEA2A-F4DA-471F-81CD-6CA9AC3D46CF}"
EndProject
Project("{FAE04EC0-301F-11D3-BF4B-00C04F79EFBC}") = "RCITest", "UniScanG\Test\RCITest\RCITest.csproj", "{7DC066E0-74CF-4274-B613-2D19309EC587}"
EndProject
Project("{FAE04EC0-301F-11D3-BF4B-00C04F79EFBC}") = "cuCUDAs_Test", "Cuda\cuCUDAs_Test\cuCUDAs_Test.csproj", "{D2087BF3-1D03-48D3-AA04-F77B84BD8160}"
EndProject
Project("{FAE04EC0-301F-11D3-BF4B-00C04F79EFBC}") = "GpuTransfer", "Test\GpuTransfer\GpuTransfer.csproj", "{B12EC054-076F-4F0E-9B1B-E852961D1A13}"
EndProject
Project("{2150E333-8FDC-42A3-9474-1A3956D46DE8}") = "SIMD", "SIMD", "{10A190D3-D7F0-428C-8D70-875055F99C3C}"
EndProject
Project("{FAE04EC0-301F-11D3-BF4B-00C04F79EFBC}") = "UniView.Client", "Reference\UniView.Client\UniView.Client.csproj", "{19E3363C-B9FC-4BD0-B3D6-2BD2FDDC3F64}"
EndProject
Project("{FAE04EC0-301F-11D3-BF4B-00C04F79EFBC}") = "PostgreSQL13", "Test\PostgreSQL13\PostgreSQL13.csproj", "{7EA82D08-2518-4F83-8E37-A43D72E4F2B8}"
EndProject
Project("{FAE04EC0-301F-11D3-BF4B-00C04F79EFBC}") = "RapixoGrabTest", "RapixoGrabTest\RapixoGrabTest.csproj", "{32A9B95E-0760-4525-ABDE-40AFDA515F51}"
EndProject
Project("{FAE04EC0-301F-11D3-BF4B-00C04F79EFBC}") = "HASP", "HASP\HASP.csproj", "{AD144E68-9040-499B-9DE2-4B3A7CA0C592}"
EndProject
Global
	GlobalSection(SolutionConfigurationPlatforms) = preSolution
		Debug|x64 = Debug|x64
		Release|x64 = Release|x64
		Remote|x64 = Remote|x64
	EndGlobalSection
	GlobalSection(ProjectConfigurationPlatforms) = postSolution
		{0BD31B0D-4675-460F-BF03-82AFAFDD1D1F}.Debug|x64.ActiveCfg = Debug|x64
		{0BD31B0D-4675-460F-BF03-82AFAFDD1D1F}.Debug|x64.Build.0 = Debug|x64
		{0BD31B0D-4675-460F-BF03-82AFAFDD1D1F}.Release|x64.ActiveCfg = Release|x64
		{0BD31B0D-4675-460F-BF03-82AFAFDD1D1F}.Release|x64.Build.0 = Release|x64
		{0BD31B0D-4675-460F-BF03-82AFAFDD1D1F}.Remote|x64.ActiveCfg = Remote|x64
		{0BD31B0D-4675-460F-BF03-82AFAFDD1D1F}.Remote|x64.Build.0 = Remote|x64
		{532B9DD5-C3DC-4F76-8CF4-233C867FC2D3}.Debug|x64.ActiveCfg = Debug|x64
		{532B9DD5-C3DC-4F76-8CF4-233C867FC2D3}.Debug|x64.Build.0 = Debug|x64
		{532B9DD5-C3DC-4F76-8CF4-233C867FC2D3}.Release|x64.ActiveCfg = Release|x64
		{532B9DD5-C3DC-4F76-8CF4-233C867FC2D3}.Release|x64.Build.0 = Release|x64
		{532B9DD5-C3DC-4F76-8CF4-233C867FC2D3}.Remote|x64.ActiveCfg = Remote|x64
		{532B9DD5-C3DC-4F76-8CF4-233C867FC2D3}.Remote|x64.Build.0 = Remote|x64
		{88F6F6BE-0858-41E6-9CE2-3704AEFC12A7}.Debug|x64.ActiveCfg = Debug|x64
		{88F6F6BE-0858-41E6-9CE2-3704AEFC12A7}.Debug|x64.Build.0 = Debug|x64
		{88F6F6BE-0858-41E6-9CE2-3704AEFC12A7}.Release|x64.ActiveCfg = Release|x64
		{88F6F6BE-0858-41E6-9CE2-3704AEFC12A7}.Release|x64.Build.0 = Release|x64
		{88F6F6BE-0858-41E6-9CE2-3704AEFC12A7}.Remote|x64.ActiveCfg = Remote|x64
		{88F6F6BE-0858-41E6-9CE2-3704AEFC12A7}.Remote|x64.Build.0 = Remote|x64
		{6BCC6601-4E70-4066-889C-CDA17497878A}.Debug|x64.ActiveCfg = Debug|x64
		{6BCC6601-4E70-4066-889C-CDA17497878A}.Debug|x64.Build.0 = Debug|x64
		{6BCC6601-4E70-4066-889C-CDA17497878A}.Release|x64.ActiveCfg = Release|x64
		{6BCC6601-4E70-4066-889C-CDA17497878A}.Release|x64.Build.0 = Release|x64
		{6BCC6601-4E70-4066-889C-CDA17497878A}.Remote|x64.ActiveCfg = Remote|x64
		{6BCC6601-4E70-4066-889C-CDA17497878A}.Remote|x64.Build.0 = Remote|x64
		{146F582A-9D90-4EBB-8D2A-52C34D1A6FAA}.Debug|x64.ActiveCfg = Debug|x64
		{146F582A-9D90-4EBB-8D2A-52C34D1A6FAA}.Debug|x64.Build.0 = Debug|x64
		{146F582A-9D90-4EBB-8D2A-52C34D1A6FAA}.Release|x64.ActiveCfg = Release|x64
		{146F582A-9D90-4EBB-8D2A-52C34D1A6FAA}.Release|x64.Build.0 = Release|x64
		{146F582A-9D90-4EBB-8D2A-52C34D1A6FAA}.Remote|x64.ActiveCfg = Remote|x64
		{146F582A-9D90-4EBB-8D2A-52C34D1A6FAA}.Remote|x64.Build.0 = Remote|x64
		{B76F4559-5319-42F1-9FF5-B50A86F9F42A}.Debug|x64.ActiveCfg = Debug|x64
		{B76F4559-5319-42F1-9FF5-B50A86F9F42A}.Debug|x64.Build.0 = Debug|x64
		{B76F4559-5319-42F1-9FF5-B50A86F9F42A}.Release|x64.ActiveCfg = Release|x64
		{B76F4559-5319-42F1-9FF5-B50A86F9F42A}.Release|x64.Build.0 = Release|x64
		{B76F4559-5319-42F1-9FF5-B50A86F9F42A}.Remote|x64.ActiveCfg = Remote|x64
		{B76F4559-5319-42F1-9FF5-B50A86F9F42A}.Remote|x64.Build.0 = Remote|x64
		{31D44018-B406-4AB2-9E29-6A301D72C752}.Debug|x64.ActiveCfg = Debug|x64
		{31D44018-B406-4AB2-9E29-6A301D72C752}.Debug|x64.Build.0 = Debug|x64
		{31D44018-B406-4AB2-9E29-6A301D72C752}.Release|x64.ActiveCfg = Release|x64
		{31D44018-B406-4AB2-9E29-6A301D72C752}.Release|x64.Build.0 = Release|x64
		{31D44018-B406-4AB2-9E29-6A301D72C752}.Remote|x64.ActiveCfg = Remote|x64
		{31D44018-B406-4AB2-9E29-6A301D72C752}.Remote|x64.Build.0 = Remote|x64
		{E71833D5-90EF-476C-9EF0-A54ECCA8F89B}.Debug|x64.ActiveCfg = Debug|x64
		{E71833D5-90EF-476C-9EF0-A54ECCA8F89B}.Debug|x64.Build.0 = Debug|x64
		{E71833D5-90EF-476C-9EF0-A54ECCA8F89B}.Release|x64.ActiveCfg = Release|x64
		{E71833D5-90EF-476C-9EF0-A54ECCA8F89B}.Release|x64.Build.0 = Release|x64
		{E71833D5-90EF-476C-9EF0-A54ECCA8F89B}.Remote|x64.ActiveCfg = Remote|x64
		{E71833D5-90EF-476C-9EF0-A54ECCA8F89B}.Remote|x64.Build.0 = Remote|x64
		{BA55C84C-C99C-45CF-BAE5-313111435EF2}.Debug|x64.ActiveCfg = Debug|x64
		{BA55C84C-C99C-45CF-BAE5-313111435EF2}.Debug|x64.Build.0 = Debug|x64
		{BA55C84C-C99C-45CF-BAE5-313111435EF2}.Release|x64.ActiveCfg = Release|x64
		{BA55C84C-C99C-45CF-BAE5-313111435EF2}.Release|x64.Build.0 = Release|x64
		{BA55C84C-C99C-45CF-BAE5-313111435EF2}.Remote|x64.ActiveCfg = Remote|x64
		{BA55C84C-C99C-45CF-BAE5-313111435EF2}.Remote|x64.Build.0 = Remote|x64
		{958FF4A0-9B33-4D1A-9F6B-778EE0404E29}.Debug|x64.ActiveCfg = Debug|x64
		{958FF4A0-9B33-4D1A-9F6B-778EE0404E29}.Debug|x64.Build.0 = Debug|x64
		{958FF4A0-9B33-4D1A-9F6B-778EE0404E29}.Release|x64.ActiveCfg = Release|x64
		{958FF4A0-9B33-4D1A-9F6B-778EE0404E29}.Release|x64.Build.0 = Release|x64
		{958FF4A0-9B33-4D1A-9F6B-778EE0404E29}.Remote|x64.ActiveCfg = Remote|x64
		{958FF4A0-9B33-4D1A-9F6B-778EE0404E29}.Remote|x64.Build.0 = Remote|x64
		{A35BDC68-90FE-4235-AB8E-22909A342DDD}.Debug|x64.ActiveCfg = Debug|x64
		{A35BDC68-90FE-4235-AB8E-22909A342DDD}.Debug|x64.Build.0 = Debug|x64
		{A35BDC68-90FE-4235-AB8E-22909A342DDD}.Release|x64.ActiveCfg = Release|x64
		{A35BDC68-90FE-4235-AB8E-22909A342DDD}.Release|x64.Build.0 = Release|x64
		{A35BDC68-90FE-4235-AB8E-22909A342DDD}.Remote|x64.ActiveCfg = Remote|x64
		{A35BDC68-90FE-4235-AB8E-22909A342DDD}.Remote|x64.Build.0 = Remote|x64
		{780A8AEB-BF39-4A8F-9E61-C7FC4F0C360C}.Debug|x64.ActiveCfg = Debug|x64
		{780A8AEB-BF39-4A8F-9E61-C7FC4F0C360C}.Debug|x64.Build.0 = Debug|x64
		{780A8AEB-BF39-4A8F-9E61-C7FC4F0C360C}.Release|x64.ActiveCfg = Release|x64
		{780A8AEB-BF39-4A8F-9E61-C7FC4F0C360C}.Release|x64.Build.0 = Release|x64
		{780A8AEB-BF39-4A8F-9E61-C7FC4F0C360C}.Remote|x64.ActiveCfg = Remote|x64
		{780A8AEB-BF39-4A8F-9E61-C7FC4F0C360C}.Remote|x64.Build.0 = Remote|x64
		{F862D675-0839-4DFE-8331-632D7D93FD2B}.Debug|x64.ActiveCfg = Debug|x64
		{F862D675-0839-4DFE-8331-632D7D93FD2B}.Debug|x64.Build.0 = Debug|x64
		{F862D675-0839-4DFE-8331-632D7D93FD2B}.Release|x64.ActiveCfg = Release|x64
		{F862D675-0839-4DFE-8331-632D7D93FD2B}.Release|x64.Build.0 = Release|x64
		{F862D675-0839-4DFE-8331-632D7D93FD2B}.Remote|x64.ActiveCfg = Remote|x64
		{F862D675-0839-4DFE-8331-632D7D93FD2B}.Remote|x64.Build.0 = Remote|x64
		{EDB385ED-F65B-4A17-B01C-FFC45F87F395}.Debug|x64.ActiveCfg = Debug|x64
		{EDB385ED-F65B-4A17-B01C-FFC45F87F395}.Debug|x64.Build.0 = Debug|x64
		{EDB385ED-F65B-4A17-B01C-FFC45F87F395}.Release|x64.ActiveCfg = Release|x64
		{EDB385ED-F65B-4A17-B01C-FFC45F87F395}.Release|x64.Build.0 = Release|x64
		{EDB385ED-F65B-4A17-B01C-FFC45F87F395}.Remote|x64.ActiveCfg = Remote|x64
		{EDB385ED-F65B-4A17-B01C-FFC45F87F395}.Remote|x64.Build.0 = Remote|x64
		{B647AA2B-5321-4F97-8AA4-6D3EB4BBBB6F}.Debug|x64.ActiveCfg = Debug|x64
		{B647AA2B-5321-4F97-8AA4-6D3EB4BBBB6F}.Debug|x64.Build.0 = Debug|x64
		{B647AA2B-5321-4F97-8AA4-6D3EB4BBBB6F}.Release|x64.ActiveCfg = Release|x64
		{B647AA2B-5321-4F97-8AA4-6D3EB4BBBB6F}.Release|x64.Build.0 = Release|x64
		{B647AA2B-5321-4F97-8AA4-6D3EB4BBBB6F}.Remote|x64.ActiveCfg = Remote|x64
		{B647AA2B-5321-4F97-8AA4-6D3EB4BBBB6F}.Remote|x64.Build.0 = Remote|x64
		{7343E094-7498-4127-B5BF-690199A9BE97}.Debug|x64.ActiveCfg = Debug|x64
		{7343E094-7498-4127-B5BF-690199A9BE97}.Debug|x64.Build.0 = Debug|x64
		{7343E094-7498-4127-B5BF-690199A9BE97}.Release|x64.ActiveCfg = Release|x64
		{7343E094-7498-4127-B5BF-690199A9BE97}.Release|x64.Build.0 = Release|x64
		{7343E094-7498-4127-B5BF-690199A9BE97}.Remote|x64.ActiveCfg = Remote|x64
		{7343E094-7498-4127-B5BF-690199A9BE97}.Remote|x64.Build.0 = Remote|x64
		{33E74ECA-65BE-4B02-83B1-4920BC5E2377}.Debug|x64.ActiveCfg = Debug|x64
		{33E74ECA-65BE-4B02-83B1-4920BC5E2377}.Debug|x64.Build.0 = Debug|x64
		{33E74ECA-65BE-4B02-83B1-4920BC5E2377}.Release|x64.ActiveCfg = Release|x64
		{33E74ECA-65BE-4B02-83B1-4920BC5E2377}.Release|x64.Build.0 = Release|x64
		{33E74ECA-65BE-4B02-83B1-4920BC5E2377}.Remote|x64.ActiveCfg = Remote|x64
		{33E74ECA-65BE-4B02-83B1-4920BC5E2377}.Remote|x64.Build.0 = Remote|x64
		{C790B7E6-FF8A-4A33-B05D-80611D47DDEC}.Debug|x64.ActiveCfg = Debug|x64
		{C790B7E6-FF8A-4A33-B05D-80611D47DDEC}.Debug|x64.Build.0 = Debug|x64
		{C790B7E6-FF8A-4A33-B05D-80611D47DDEC}.Release|x64.ActiveCfg = Release|x64
		{C790B7E6-FF8A-4A33-B05D-80611D47DDEC}.Release|x64.Build.0 = Release|x64
		{C790B7E6-FF8A-4A33-B05D-80611D47DDEC}.Remote|x64.ActiveCfg = Remote|x64
		{C790B7E6-FF8A-4A33-B05D-80611D47DDEC}.Remote|x64.Build.0 = Remote|x64
		{576A1A0E-E31B-4BB1-BAB6-988DB24AC9B6}.Debug|x64.ActiveCfg = Debug|x64
		{576A1A0E-E31B-4BB1-BAB6-988DB24AC9B6}.Debug|x64.Build.0 = Debug|x64
		{576A1A0E-E31B-4BB1-BAB6-988DB24AC9B6}.Release|x64.ActiveCfg = Release|x64
		{576A1A0E-E31B-4BB1-BAB6-988DB24AC9B6}.Release|x64.Build.0 = Release|x64
		{576A1A0E-E31B-4BB1-BAB6-988DB24AC9B6}.Remote|x64.ActiveCfg = Remote|x64
		{576A1A0E-E31B-4BB1-BAB6-988DB24AC9B6}.Remote|x64.Build.0 = Remote|x64
		{37A79BE6-430A-4B30-BA84-FDFF760DF270}.Debug|x64.ActiveCfg = Debug|x64
		{37A79BE6-430A-4B30-BA84-FDFF760DF270}.Debug|x64.Build.0 = Debug|x64
		{37A79BE6-430A-4B30-BA84-FDFF760DF270}.Release|x64.ActiveCfg = Release|x64
		{37A79BE6-430A-4B30-BA84-FDFF760DF270}.Release|x64.Build.0 = Release|x64
		{37A79BE6-430A-4B30-BA84-FDFF760DF270}.Remote|x64.ActiveCfg = Remote|x64
		{37A79BE6-430A-4B30-BA84-FDFF760DF270}.Remote|x64.Build.0 = Remote|x64
		{16528750-631B-444F-8B2E-2BDC2847157F}.Debug|x64.ActiveCfg = Debug|x64
		{16528750-631B-444F-8B2E-2BDC2847157F}.Debug|x64.Build.0 = Debug|x64
		{16528750-631B-444F-8B2E-2BDC2847157F}.Release|x64.ActiveCfg = Release|x64
		{16528750-631B-444F-8B2E-2BDC2847157F}.Release|x64.Build.0 = Release|x64
		{16528750-631B-444F-8B2E-2BDC2847157F}.Remote|x64.ActiveCfg = Remote|x64
		{16528750-631B-444F-8B2E-2BDC2847157F}.Remote|x64.Build.0 = Remote|x64
		{0DA5D240-2E0A-48F5-9826-BC72B4BDDB47}.Debug|x64.ActiveCfg = Debug|x64
		{0DA5D240-2E0A-48F5-9826-BC72B4BDDB47}.Debug|x64.Build.0 = Debug|x64
		{0DA5D240-2E0A-48F5-9826-BC72B4BDDB47}.Release|x64.ActiveCfg = Release|x64
		{0DA5D240-2E0A-48F5-9826-BC72B4BDDB47}.Release|x64.Build.0 = Release|x64
		{0DA5D240-2E0A-48F5-9826-BC72B4BDDB47}.Remote|x64.ActiveCfg = Release|x64
		{0DA5D240-2E0A-48F5-9826-BC72B4BDDB47}.Remote|x64.Build.0 = Release|x64
		{4E540BE5-65F2-4CD0-8AA8-81CFCB53BA75}.Debug|x64.ActiveCfg = Debug|x64
		{4E540BE5-65F2-4CD0-8AA8-81CFCB53BA75}.Debug|x64.Build.0 = Debug|x64
		{4E540BE5-65F2-4CD0-8AA8-81CFCB53BA75}.Release|x64.ActiveCfg = Release|x64
		{4E540BE5-65F2-4CD0-8AA8-81CFCB53BA75}.Release|x64.Build.0 = Release|x64
		{4E540BE5-65F2-4CD0-8AA8-81CFCB53BA75}.Remote|x64.ActiveCfg = Release|x64
		{4E540BE5-65F2-4CD0-8AA8-81CFCB53BA75}.Remote|x64.Build.0 = Release|x64
		{2907F38C-7BA3-42BB-AB9C-E9B3C4CCBD76}.Debug|x64.ActiveCfg = Debug|x64
		{2907F38C-7BA3-42BB-AB9C-E9B3C4CCBD76}.Debug|x64.Build.0 = Debug|x64
		{2907F38C-7BA3-42BB-AB9C-E9B3C4CCBD76}.Release|x64.ActiveCfg = Release|x64
		{2907F38C-7BA3-42BB-AB9C-E9B3C4CCBD76}.Release|x64.Build.0 = Release|x64
		{2907F38C-7BA3-42BB-AB9C-E9B3C4CCBD76}.Remote|x64.ActiveCfg = Release|x64
		{2907F38C-7BA3-42BB-AB9C-E9B3C4CCBD76}.Remote|x64.Build.0 = Release|x64
		{0902BA13-959B-4B0E-A559-7E93CFA60B4B}.Debug|x64.ActiveCfg = Debug|x64
		{0902BA13-959B-4B0E-A559-7E93CFA60B4B}.Debug|x64.Build.0 = Debug|x64
		{0902BA13-959B-4B0E-A559-7E93CFA60B4B}.Release|x64.ActiveCfg = Release|x64
		{0902BA13-959B-4B0E-A559-7E93CFA60B4B}.Release|x64.Build.0 = Release|x64
		{0902BA13-959B-4B0E-A559-7E93CFA60B4B}.Remote|x64.ActiveCfg = Release|x64
		{0902BA13-959B-4B0E-A559-7E93CFA60B4B}.Remote|x64.Build.0 = Release|x64
		{F944A89B-488F-4BD0-9F9A-4C36E93DFD44}.Debug|x64.ActiveCfg = Debug|x64
		{F944A89B-488F-4BD0-9F9A-4C36E93DFD44}.Debug|x64.Build.0 = Debug|x64
		{F944A89B-488F-4BD0-9F9A-4C36E93DFD44}.Release|x64.ActiveCfg = Release|x64
		{F944A89B-488F-4BD0-9F9A-4C36E93DFD44}.Release|x64.Build.0 = Release|x64
		{F944A89B-488F-4BD0-9F9A-4C36E93DFD44}.Remote|x64.ActiveCfg = Remote|x64
		{F944A89B-488F-4BD0-9F9A-4C36E93DFD44}.Remote|x64.Build.0 = Remote|x64
		{879EE343-D5D0-48A4-9F9A-FEC6CE364786}.Debug|x64.ActiveCfg = Debug|x64
		{879EE343-D5D0-48A4-9F9A-FEC6CE364786}.Debug|x64.Build.0 = Debug|x64
		{879EE343-D5D0-48A4-9F9A-FEC6CE364786}.Release|x64.ActiveCfg = Release|x64
		{879EE343-D5D0-48A4-9F9A-FEC6CE364786}.Release|x64.Build.0 = Release|x64
		{879EE343-D5D0-48A4-9F9A-FEC6CE364786}.Remote|x64.ActiveCfg = Remote|x64
		{879EE343-D5D0-48A4-9F9A-FEC6CE364786}.Remote|x64.Build.0 = Remote|x64
		{C0FB3279-D492-43BC-89D4-A481F51EA4AE}.Debug|x64.ActiveCfg = Debug|x64
		{C0FB3279-D492-43BC-89D4-A481F51EA4AE}.Debug|x64.Build.0 = Debug|x64
		{C0FB3279-D492-43BC-89D4-A481F51EA4AE}.Release|x64.ActiveCfg = Release|x64
		{C0FB3279-D492-43BC-89D4-A481F51EA4AE}.Release|x64.Build.0 = Release|x64
		{C0FB3279-D492-43BC-89D4-A481F51EA4AE}.Remote|x64.ActiveCfg = Release|x64
		{62A1B49D-E05B-4373-8AA6-03E8EC07838C}.Debug|x64.ActiveCfg = Debug|x64
		{62A1B49D-E05B-4373-8AA6-03E8EC07838C}.Debug|x64.Build.0 = Debug|x64
		{62A1B49D-E05B-4373-8AA6-03E8EC07838C}.Release|x64.ActiveCfg = Release|x64
		{62A1B49D-E05B-4373-8AA6-03E8EC07838C}.Release|x64.Build.0 = Release|x64
		{62A1B49D-E05B-4373-8AA6-03E8EC07838C}.Remote|x64.ActiveCfg = Release|x64
		{62A1B49D-E05B-4373-8AA6-03E8EC07838C}.Remote|x64.Build.0 = Release|x64
		{75C390CD-CB53-4971-A063-B3D6F0345B4F}.Debug|x64.ActiveCfg = Debug|x64
		{75C390CD-CB53-4971-A063-B3D6F0345B4F}.Debug|x64.Build.0 = Debug|x64
		{75C390CD-CB53-4971-A063-B3D6F0345B4F}.Release|x64.ActiveCfg = Release|x64
		{75C390CD-CB53-4971-A063-B3D6F0345B4F}.Release|x64.Build.0 = Release|x64
		{75C390CD-CB53-4971-A063-B3D6F0345B4F}.Remote|x64.ActiveCfg = Release|x64
		{75C390CD-CB53-4971-A063-B3D6F0345B4F}.Remote|x64.Build.0 = Release|x64
		{4EDDA407-B9AD-423C-AC21-C345EAEF8D42}.Debug|x64.ActiveCfg = Debug|x64
		{4EDDA407-B9AD-423C-AC21-C345EAEF8D42}.Debug|x64.Build.0 = Debug|x64
		{4EDDA407-B9AD-423C-AC21-C345EAEF8D42}.Release|x64.ActiveCfg = Release|x64
		{4EDDA407-B9AD-423C-AC21-C345EAEF8D42}.Release|x64.Build.0 = Release|x64
		{4EDDA407-B9AD-423C-AC21-C345EAEF8D42}.Remote|x64.ActiveCfg = Release|x64
		{4EDDA407-B9AD-423C-AC21-C345EAEF8D42}.Remote|x64.Build.0 = Release|x64
		{89DA2494-05A2-4464-8658-2C5193B9463B}.Debug|x64.ActiveCfg = Debug|x64
		{89DA2494-05A2-4464-8658-2C5193B9463B}.Debug|x64.Build.0 = Debug|x64
		{89DA2494-05A2-4464-8658-2C5193B9463B}.Release|x64.ActiveCfg = Release|x64
		{89DA2494-05A2-4464-8658-2C5193B9463B}.Release|x64.Build.0 = Release|x64
		{89DA2494-05A2-4464-8658-2C5193B9463B}.Remote|x64.ActiveCfg = Remote|x64
		{89DA2494-05A2-4464-8658-2C5193B9463B}.Remote|x64.Build.0 = Remote|x64
		{278FA4C9-9E04-44EC-ACB2-2CBF0201E47B}.Debug|x64.ActiveCfg = Debug|x64
		{278FA4C9-9E04-44EC-ACB2-2CBF0201E47B}.Debug|x64.Build.0 = Debug|x64
		{278FA4C9-9E04-44EC-ACB2-2CBF0201E47B}.Release|x64.ActiveCfg = Release|x64
		{278FA4C9-9E04-44EC-ACB2-2CBF0201E47B}.Release|x64.Build.0 = Release|x64
		{278FA4C9-9E04-44EC-ACB2-2CBF0201E47B}.Remote|x64.ActiveCfg = Remote|x64
		{278FA4C9-9E04-44EC-ACB2-2CBF0201E47B}.Remote|x64.Build.0 = Remote|x64
		{6B737D07-A337-489D-96B6-D79D8836EED6}.Debug|x64.ActiveCfg = Debug|x64
		{6B737D07-A337-489D-96B6-D79D8836EED6}.Debug|x64.Build.0 = Debug|x64
		{6B737D07-A337-489D-96B6-D79D8836EED6}.Release|x64.ActiveCfg = Release|x64
		{6B737D07-A337-489D-96B6-D79D8836EED6}.Release|x64.Build.0 = Release|x64
		{6B737D07-A337-489D-96B6-D79D8836EED6}.Remote|x64.ActiveCfg = Remote|x64
		{6B737D07-A337-489D-96B6-D79D8836EED6}.Remote|x64.Build.0 = Remote|x64
		{851FB6FA-7740-44B8-9ED1-AD92058B5F68}.Debug|x64.ActiveCfg = Debug|x64
		{851FB6FA-7740-44B8-9ED1-AD92058B5F68}.Debug|x64.Build.0 = Debug|x64
		{851FB6FA-7740-44B8-9ED1-AD92058B5F68}.Release|x64.ActiveCfg = Release|x64
		{851FB6FA-7740-44B8-9ED1-AD92058B5F68}.Release|x64.Build.0 = Release|x64
		{851FB6FA-7740-44B8-9ED1-AD92058B5F68}.Remote|x64.ActiveCfg = Release|x64
		{851FB6FA-7740-44B8-9ED1-AD92058B5F68}.Remote|x64.Build.0 = Release|x64
		{D27E7D32-E086-4CA1-A1C4-61F2CFC96E99}.Debug|x64.ActiveCfg = Debug|x64
		{D27E7D32-E086-4CA1-A1C4-61F2CFC96E99}.Debug|x64.Build.0 = Debug|x64
		{D27E7D32-E086-4CA1-A1C4-61F2CFC96E99}.Release|x64.ActiveCfg = Release|x64
		{D27E7D32-E086-4CA1-A1C4-61F2CFC96E99}.Release|x64.Build.0 = Release|x64
		{D27E7D32-E086-4CA1-A1C4-61F2CFC96E99}.Remote|x64.ActiveCfg = Release|x64
		{D27E7D32-E086-4CA1-A1C4-61F2CFC96E99}.Remote|x64.Build.0 = Release|x64
		{9814CB2F-F8F1-40B3-9F77-56D7C92994FB}.Debug|x64.ActiveCfg = Debug|x64
		{9814CB2F-F8F1-40B3-9F77-56D7C92994FB}.Debug|x64.Build.0 = Debug|x64
		{9814CB2F-F8F1-40B3-9F77-56D7C92994FB}.Release|x64.ActiveCfg = Release|x64
		{9814CB2F-F8F1-40B3-9F77-56D7C92994FB}.Release|x64.Build.0 = Release|x64
		{9814CB2F-F8F1-40B3-9F77-56D7C92994FB}.Remote|x64.ActiveCfg = Release|x64
		{9814CB2F-F8F1-40B3-9F77-56D7C92994FB}.Remote|x64.Build.0 = Release|x64
		{D4E91BA9-A568-4EC8-93DC-FD14A012026B}.Debug|x64.ActiveCfg = Debug|x64
		{D4E91BA9-A568-4EC8-93DC-FD14A012026B}.Debug|x64.Build.0 = Debug|x64
		{D4E91BA9-A568-4EC8-93DC-FD14A012026B}.Release|x64.ActiveCfg = Release|x64
		{D4E91BA9-A568-4EC8-93DC-FD14A012026B}.Release|x64.Build.0 = Release|x64
		{D4E91BA9-A568-4EC8-93DC-FD14A012026B}.Remote|x64.ActiveCfg = Release|x64
		{D4E91BA9-A568-4EC8-93DC-FD14A012026B}.Remote|x64.Build.0 = Release|x64
		{973EF609-111C-4845-B222-48D2653A27C0}.Debug|x64.ActiveCfg = Debug|x64
		{973EF609-111C-4845-B222-48D2653A27C0}.Debug|x64.Build.0 = Debug|x64
		{973EF609-111C-4845-B222-48D2653A27C0}.Release|x64.ActiveCfg = Release|x64
		{973EF609-111C-4845-B222-48D2653A27C0}.Release|x64.Build.0 = Release|x64
		{973EF609-111C-4845-B222-48D2653A27C0}.Remote|x64.ActiveCfg = Remote|x64
		{973EF609-111C-4845-B222-48D2653A27C0}.Remote|x64.Build.0 = Remote|x64
		{4F0D8D8A-EBDE-4092-93D6-5C8AC1E758B4}.Debug|x64.ActiveCfg = Debug|x64
		{4F0D8D8A-EBDE-4092-93D6-5C8AC1E758B4}.Debug|x64.Build.0 = Debug|x64
		{4F0D8D8A-EBDE-4092-93D6-5C8AC1E758B4}.Release|x64.ActiveCfg = Release|x64
		{4F0D8D8A-EBDE-4092-93D6-5C8AC1E758B4}.Release|x64.Build.0 = Release|x64
		{4F0D8D8A-EBDE-4092-93D6-5C8AC1E758B4}.Remote|x64.ActiveCfg = Release|x64
		{4F0D8D8A-EBDE-4092-93D6-5C8AC1E758B4}.Remote|x64.Build.0 = Release|x64
		{29FD42D2-64C1-45C9-AB9A-D223E1334522}.Debug|x64.ActiveCfg = Debug|x64
		{29FD42D2-64C1-45C9-AB9A-D223E1334522}.Debug|x64.Build.0 = Debug|x64
		{29FD42D2-64C1-45C9-AB9A-D223E1334522}.Release|x64.ActiveCfg = Release|x64
		{29FD42D2-64C1-45C9-AB9A-D223E1334522}.Release|x64.Build.0 = Release|x64
		{29FD42D2-64C1-45C9-AB9A-D223E1334522}.Remote|x64.ActiveCfg = Release|x64
		{29FD42D2-64C1-45C9-AB9A-D223E1334522}.Remote|x64.Build.0 = Release|x64
		{D616CBB4-B2EB-4787-8BB9-08968A580F56}.Debug|x64.ActiveCfg = Debug|x64
		{D616CBB4-B2EB-4787-8BB9-08968A580F56}.Debug|x64.Build.0 = Debug|x64
		{D616CBB4-B2EB-4787-8BB9-08968A580F56}.Release|x64.ActiveCfg = Release|x64
		{D616CBB4-B2EB-4787-8BB9-08968A580F56}.Release|x64.Build.0 = Release|x64
		{D616CBB4-B2EB-4787-8BB9-08968A580F56}.Remote|x64.ActiveCfg = Release|x64
		{D616CBB4-B2EB-4787-8BB9-08968A580F56}.Remote|x64.Build.0 = Release|x64
		{7F946B56-711E-48E8-A4A8-69A206D55EE9}.Debug|x64.ActiveCfg = Debug|x64
		{7F946B56-711E-48E8-A4A8-69A206D55EE9}.Debug|x64.Build.0 = Debug|x64
		{7F946B56-711E-48E8-A4A8-69A206D55EE9}.Release|x64.ActiveCfg = Release|x64
		{7F946B56-711E-48E8-A4A8-69A206D55EE9}.Release|x64.Build.0 = Release|x64
		{7F946B56-711E-48E8-A4A8-69A206D55EE9}.Remote|x64.ActiveCfg = Release|x64
		{7F946B56-711E-48E8-A4A8-69A206D55EE9}.Remote|x64.Build.0 = Release|x64
		{F39A45C6-FE07-4B27-9F9B-7AA93F0E6BEB}.Debug|x64.ActiveCfg = Debug|x64
		{F39A45C6-FE07-4B27-9F9B-7AA93F0E6BEB}.Debug|x64.Build.0 = Debug|x64
		{F39A45C6-FE07-4B27-9F9B-7AA93F0E6BEB}.Release|x64.ActiveCfg = Release|x64
		{F39A45C6-FE07-4B27-9F9B-7AA93F0E6BEB}.Release|x64.Build.0 = Release|x64
		{F39A45C6-FE07-4B27-9F9B-7AA93F0E6BEB}.Remote|x64.ActiveCfg = Release|x64
		{F39A45C6-FE07-4B27-9F9B-7AA93F0E6BEB}.Remote|x64.Build.0 = Release|x64
		{5A0CE351-40D8-405A-A9FD-28B7A3755CDC}.Debug|x64.ActiveCfg = Debug|x64
		{5A0CE351-40D8-405A-A9FD-28B7A3755CDC}.Debug|x64.Build.0 = Debug|x64
		{5A0CE351-40D8-405A-A9FD-28B7A3755CDC}.Release|x64.ActiveCfg = Release|x64
		{5A0CE351-40D8-405A-A9FD-28B7A3755CDC}.Release|x64.Build.0 = Release|x64
		{5A0CE351-40D8-405A-A9FD-28B7A3755CDC}.Remote|x64.ActiveCfg = Release|x64
		{5A0CE351-40D8-405A-A9FD-28B7A3755CDC}.Remote|x64.Build.0 = Release|x64
		{74D0A268-FD7E-4B01-BB67-E6B65070452F}.Debug|x64.ActiveCfg = Debug|x64
		{74D0A268-FD7E-4B01-BB67-E6B65070452F}.Debug|x64.Build.0 = Debug|x64
		{74D0A268-FD7E-4B01-BB67-E6B65070452F}.Release|x64.ActiveCfg = Release|x64
		{74D0A268-FD7E-4B01-BB67-E6B65070452F}.Release|x64.Build.0 = Release|x64
		{74D0A268-FD7E-4B01-BB67-E6B65070452F}.Remote|x64.ActiveCfg = Release|x64
		{74D0A268-FD7E-4B01-BB67-E6B65070452F}.Remote|x64.Build.0 = Release|x64
		{2C974F5A-243A-435A-AA19-3E418BE256DE}.Debug|x64.ActiveCfg = Debug|x64
		{2C974F5A-243A-435A-AA19-3E418BE256DE}.Debug|x64.Build.0 = Debug|x64
		{2C974F5A-243A-435A-AA19-3E418BE256DE}.Release|x64.ActiveCfg = Release|x64
		{2C974F5A-243A-435A-AA19-3E418BE256DE}.Release|x64.Build.0 = Release|x64
		{2C974F5A-243A-435A-AA19-3E418BE256DE}.Remote|x64.ActiveCfg = Remote|x64
		{2C974F5A-243A-435A-AA19-3E418BE256DE}.Remote|x64.Build.0 = Remote|x64
		{D18DEEE7-C805-40E1-9ED9-33AACD1A0540}.Debug|x64.ActiveCfg = Debug|x64
		{D18DEEE7-C805-40E1-9ED9-33AACD1A0540}.Debug|x64.Build.0 = Debug|x64
		{D18DEEE7-C805-40E1-9ED9-33AACD1A0540}.Release|x64.ActiveCfg = Release|x64
		{D18DEEE7-C805-40E1-9ED9-33AACD1A0540}.Release|x64.Build.0 = Release|x64
		{D18DEEE7-C805-40E1-9ED9-33AACD1A0540}.Remote|x64.ActiveCfg = Release|x64
		{D18DEEE7-C805-40E1-9ED9-33AACD1A0540}.Remote|x64.Build.0 = Release|x64
		{9756BC75-5435-4FB7-BA0E-B1371F0A2996}.Debug|x64.ActiveCfg = Debug|Any CPU
		{9756BC75-5435-4FB7-BA0E-B1371F0A2996}.Release|x64.ActiveCfg = Release|Any CPU
		{9756BC75-5435-4FB7-BA0E-B1371F0A2996}.Release|x64.Build.0 = Release|Any CPU
		{9756BC75-5435-4FB7-BA0E-B1371F0A2996}.Remote|x64.ActiveCfg = Release|Any CPU
		{9756BC75-5435-4FB7-BA0E-B1371F0A2996}.Remote|x64.Build.0 = Release|Any CPU
		{A00A0C9D-D12F-4089-8302-3BC3EB0F531E}.Debug|x64.ActiveCfg = Debug|x64
		{A00A0C9D-D12F-4089-8302-3BC3EB0F531E}.Release|x64.ActiveCfg = Release|x64
		{A00A0C9D-D12F-4089-8302-3BC3EB0F531E}.Release|x64.Build.0 = Release|x64
		{A00A0C9D-D12F-4089-8302-3BC3EB0F531E}.Remote|x64.ActiveCfg = Release|x64
		{A00A0C9D-D12F-4089-8302-3BC3EB0F531E}.Remote|x64.Build.0 = Release|x64
		{B2744F26-FC35-4351-970F-7834511F8812}.Debug|x64.ActiveCfg = Debug|x64
		{B2744F26-FC35-4351-970F-7834511F8812}.Debug|x64.Build.0 = Debug|x64
		{B2744F26-FC35-4351-970F-7834511F8812}.Release|x64.ActiveCfg = Release|x64
		{B2744F26-FC35-4351-970F-7834511F8812}.Release|x64.Build.0 = Release|x64
		{B2744F26-FC35-4351-970F-7834511F8812}.Remote|x64.ActiveCfg = Release|x64
		{B2744F26-FC35-4351-970F-7834511F8812}.Remote|x64.Build.0 = Release|x64
		{80AF2E1B-7B13-491D-9C7B-8DFF5414A618}.Debug|x64.ActiveCfg = Debug|x64
		{80AF2E1B-7B13-491D-9C7B-8DFF5414A618}.Debug|x64.Build.0 = Debug|x64
		{80AF2E1B-7B13-491D-9C7B-8DFF5414A618}.Release|x64.ActiveCfg = Release|x64
		{80AF2E1B-7B13-491D-9C7B-8DFF5414A618}.Release|x64.Build.0 = Release|x64
		{80AF2E1B-7B13-491D-9C7B-8DFF5414A618}.Remote|x64.ActiveCfg = Release|x64
		{80AF2E1B-7B13-491D-9C7B-8DFF5414A618}.Remote|x64.Build.0 = Release|x64
		{928F1530-124F-4360-9533-EF475FE9E089}.Debug|x64.ActiveCfg = Debug|x64
		{928F1530-124F-4360-9533-EF475FE9E089}.Debug|x64.Build.0 = Debug|x64
		{928F1530-124F-4360-9533-EF475FE9E089}.Release|x64.ActiveCfg = Release|x64
		{928F1530-124F-4360-9533-EF475FE9E089}.Release|x64.Build.0 = Release|x64
		{928F1530-124F-4360-9533-EF475FE9E089}.Remote|x64.ActiveCfg = Remote|x64
		{928F1530-124F-4360-9533-EF475FE9E089}.Remote|x64.Build.0 = Remote|x64
		{813F4B18-2FF7-468E-9B7B-E65D3ABBDD42}.Debug|x64.ActiveCfg = Debug|x64
		{813F4B18-2FF7-468E-9B7B-E65D3ABBDD42}.Debug|x64.Build.0 = Debug|x64
		{813F4B18-2FF7-468E-9B7B-E65D3ABBDD42}.Release|x64.ActiveCfg = Release|x64
		{813F4B18-2FF7-468E-9B7B-E65D3ABBDD42}.Release|x64.Build.0 = Release|x64
		{813F4B18-2FF7-468E-9B7B-E65D3ABBDD42}.Remote|x64.ActiveCfg = Release|x64
		{813F4B18-2FF7-468E-9B7B-E65D3ABBDD42}.Remote|x64.Build.0 = Release|x64
		{C7CF213E-C500-4252-8B02-76F44B21A4F2}.Debug|x64.ActiveCfg = Debug|x64
		{C7CF213E-C500-4252-8B02-76F44B21A4F2}.Debug|x64.Build.0 = Debug|x64
		{C7CF213E-C500-4252-8B02-76F44B21A4F2}.Release|x64.ActiveCfg = Release|x64
		{C7CF213E-C500-4252-8B02-76F44B21A4F2}.Release|x64.Build.0 = Release|x64
		{C7CF213E-C500-4252-8B02-76F44B21A4F2}.Remote|x64.ActiveCfg = Release|x64
		{C7CF213E-C500-4252-8B02-76F44B21A4F2}.Remote|x64.Build.0 = Release|x64
		{EB48AC36-90B8-4767-B74E-3E81689B4F05}.Debug|x64.ActiveCfg = Debug|x64
		{EB48AC36-90B8-4767-B74E-3E81689B4F05}.Debug|x64.Build.0 = Debug|x64
		{EB48AC36-90B8-4767-B74E-3E81689B4F05}.Release|x64.ActiveCfg = Release|x64
		{EB48AC36-90B8-4767-B74E-3E81689B4F05}.Release|x64.Build.0 = Release|x64
		{EB48AC36-90B8-4767-B74E-3E81689B4F05}.Remote|x64.ActiveCfg = Release|x64
		{EB48AC36-90B8-4767-B74E-3E81689B4F05}.Remote|x64.Build.0 = Release|x64
		{4BEE065A-90A7-471C-B508-AFE44C0FBB06}.Debug|x64.ActiveCfg = Debug|x64
		{4BEE065A-90A7-471C-B508-AFE44C0FBB06}.Debug|x64.Build.0 = Debug|x64
		{4BEE065A-90A7-471C-B508-AFE44C0FBB06}.Release|x64.ActiveCfg = Release|x64
		{4BEE065A-90A7-471C-B508-AFE44C0FBB06}.Release|x64.Build.0 = Release|x64
		{4BEE065A-90A7-471C-B508-AFE44C0FBB06}.Remote|x64.ActiveCfg = Release|x64
		{4BEE065A-90A7-471C-B508-AFE44C0FBB06}.Remote|x64.Build.0 = Release|x64
		{969B0F26-2C19-44F2-BED7-69B30ABEB0A6}.Debug|x64.ActiveCfg = Debug|x64
		{969B0F26-2C19-44F2-BED7-69B30ABEB0A6}.Debug|x64.Build.0 = Debug|x64
		{969B0F26-2C19-44F2-BED7-69B30ABEB0A6}.Release|x64.ActiveCfg = Release|x64
		{969B0F26-2C19-44F2-BED7-69B30ABEB0A6}.Release|x64.Build.0 = Release|x64
		{969B0F26-2C19-44F2-BED7-69B30ABEB0A6}.Remote|x64.ActiveCfg = Release|x64
		{969B0F26-2C19-44F2-BED7-69B30ABEB0A6}.Remote|x64.Build.0 = Release|x64
		{846E315A-CA7A-43CC-9CEE-B8485FC3308E}.Debug|x64.ActiveCfg = Debug|x64
		{846E315A-CA7A-43CC-9CEE-B8485FC3308E}.Debug|x64.Build.0 = Debug|x64
		{846E315A-CA7A-43CC-9CEE-B8485FC3308E}.Release|x64.ActiveCfg = Release|x64
		{846E315A-CA7A-43CC-9CEE-B8485FC3308E}.Release|x64.Build.0 = Release|x64
		{846E315A-CA7A-43CC-9CEE-B8485FC3308E}.Remote|x64.ActiveCfg = Release|x64
		{846E315A-CA7A-43CC-9CEE-B8485FC3308E}.Remote|x64.Build.0 = Release|x64
		{6A2B050D-9328-4228-95C3-1FD6AA4B0DF3}.Debug|x64.ActiveCfg = Debug|x64
		{6A2B050D-9328-4228-95C3-1FD6AA4B0DF3}.Debug|x64.Build.0 = Debug|x64
		{6A2B050D-9328-4228-95C3-1FD6AA4B0DF3}.Release|x64.ActiveCfg = Release|x64
		{6A2B050D-9328-4228-95C3-1FD6AA4B0DF3}.Release|x64.Build.0 = Release|x64
		{6A2B050D-9328-4228-95C3-1FD6AA4B0DF3}.Remote|x64.ActiveCfg = Release|x64
		{6A2B050D-9328-4228-95C3-1FD6AA4B0DF3}.Remote|x64.Build.0 = Release|x64
		{7B1241EC-F38E-48A2-A577-EDD684223A9C}.Debug|x64.ActiveCfg = Debug|x64
		{7B1241EC-F38E-48A2-A577-EDD684223A9C}.Debug|x64.Build.0 = Debug|x64
		{7B1241EC-F38E-48A2-A577-EDD684223A9C}.Release|x64.ActiveCfg = Release|x64
		{7B1241EC-F38E-48A2-A577-EDD684223A9C}.Release|x64.Build.0 = Release|x64
		{7B1241EC-F38E-48A2-A577-EDD684223A9C}.Remote|x64.ActiveCfg = Release|x64
		{7B1241EC-F38E-48A2-A577-EDD684223A9C}.Remote|x64.Build.0 = Release|x64
		{01AED387-A6F4-4533-931F-E2586C7D7D7A}.Debug|x64.ActiveCfg = Debug|x64
		{01AED387-A6F4-4533-931F-E2586C7D7D7A}.Debug|x64.Build.0 = Debug|x64
		{01AED387-A6F4-4533-931F-E2586C7D7D7A}.Release|x64.ActiveCfg = Release|x64
		{01AED387-A6F4-4533-931F-E2586C7D7D7A}.Release|x64.Build.0 = Release|x64
		{01AED387-A6F4-4533-931F-E2586C7D7D7A}.Remote|x64.ActiveCfg = Remote|x64
		{01AED387-A6F4-4533-931F-E2586C7D7D7A}.Remote|x64.Build.0 = Remote|x64
		{6063B3C0-645D-4CAA-8CB6-0D8513DF6B08}.Debug|x64.ActiveCfg = Debug|x64
		{6063B3C0-645D-4CAA-8CB6-0D8513DF6B08}.Debug|x64.Build.0 = Debug|x64
		{6063B3C0-645D-4CAA-8CB6-0D8513DF6B08}.Release|x64.ActiveCfg = Release|x64
		{6063B3C0-645D-4CAA-8CB6-0D8513DF6B08}.Release|x64.Build.0 = Release|x64
		{6063B3C0-645D-4CAA-8CB6-0D8513DF6B08}.Remote|x64.ActiveCfg = Release|x64
		{6063B3C0-645D-4CAA-8CB6-0D8513DF6B08}.Remote|x64.Build.0 = Release|x64
		{06E94CB0-41BE-4A31-930A-3F42818953A7}.Debug|x64.ActiveCfg = Debug|x64
		{06E94CB0-41BE-4A31-930A-3F42818953A7}.Debug|x64.Build.0 = Debug|x64
		{06E94CB0-41BE-4A31-930A-3F42818953A7}.Release|x64.ActiveCfg = Release|x64
		{06E94CB0-41BE-4A31-930A-3F42818953A7}.Release|x64.Build.0 = Release|x64
		{06E94CB0-41BE-4A31-930A-3F42818953A7}.Remote|x64.ActiveCfg = Remote|x64
		{06E94CB0-41BE-4A31-930A-3F42818953A7}.Remote|x64.Build.0 = Remote|x64
		{D7609AC8-4A21-4ED7-BD32-D6175560F76D}.Debug|x64.ActiveCfg = Debug|x64
		{D7609AC8-4A21-4ED7-BD32-D6175560F76D}.Debug|x64.Build.0 = Debug|x64
		{D7609AC8-4A21-4ED7-BD32-D6175560F76D}.Release|x64.ActiveCfg = Release|x64
		{D7609AC8-4A21-4ED7-BD32-D6175560F76D}.Release|x64.Build.0 = Release|x64
		{D7609AC8-4A21-4ED7-BD32-D6175560F76D}.Remote|x64.ActiveCfg = Release|x64
		{D7609AC8-4A21-4ED7-BD32-D6175560F76D}.Remote|x64.Build.0 = Release|x64
		{8E7443EB-77BD-45FF-88B1-275CE294288E}.Debug|x64.ActiveCfg = Debug|x64
		{8E7443EB-77BD-45FF-88B1-275CE294288E}.Debug|x64.Build.0 = Debug|x64
		{8E7443EB-77BD-45FF-88B1-275CE294288E}.Release|x64.ActiveCfg = Release|x64
		{8E7443EB-77BD-45FF-88B1-275CE294288E}.Release|x64.Build.0 = Release|x64
		{8E7443EB-77BD-45FF-88B1-275CE294288E}.Remote|x64.ActiveCfg = Remote|x64
		{8E7443EB-77BD-45FF-88B1-275CE294288E}.Remote|x64.Build.0 = Remote|x64
		{624B625C-2420-4B5A-8394-3FA893D345C4}.Debug|x64.ActiveCfg = Debug|x64
		{624B625C-2420-4B5A-8394-3FA893D345C4}.Debug|x64.Build.0 = Debug|x64
		{624B625C-2420-4B5A-8394-3FA893D345C4}.Release|x64.ActiveCfg = Release|x64
		{624B625C-2420-4B5A-8394-3FA893D345C4}.Release|x64.Build.0 = Release|x64
		{624B625C-2420-4B5A-8394-3FA893D345C4}.Remote|x64.ActiveCfg = Release|x64
		{624B625C-2420-4B5A-8394-3FA893D345C4}.Remote|x64.Build.0 = Release|x64
		{DF9453F2-5D25-4BF8-845B-B07742E93E2E}.Debug|x64.ActiveCfg = Debug|x64
		{DF9453F2-5D25-4BF8-845B-B07742E93E2E}.Debug|x64.Build.0 = Debug|x64
		{DF9453F2-5D25-4BF8-845B-B07742E93E2E}.Release|x64.ActiveCfg = Release|x64
		{DF9453F2-5D25-4BF8-845B-B07742E93E2E}.Release|x64.Build.0 = Release|x64
		{DF9453F2-5D25-4BF8-845B-B07742E93E2E}.Remote|x64.ActiveCfg = Release|x64
		{DF9453F2-5D25-4BF8-845B-B07742E93E2E}.Remote|x64.Build.0 = Release|x64
		{C0D1BFE9-46D9-4C57-8618-71C28BBBD6E7}.Debug|x64.ActiveCfg = Debug|x64
		{C0D1BFE9-46D9-4C57-8618-71C28BBBD6E7}.Debug|x64.Build.0 = Debug|x64
		{C0D1BFE9-46D9-4C57-8618-71C28BBBD6E7}.Release|x64.ActiveCfg = Release|x64
		{C0D1BFE9-46D9-4C57-8618-71C28BBBD6E7}.Release|x64.Build.0 = Release|x64
		{C0D1BFE9-46D9-4C57-8618-71C28BBBD6E7}.Remote|x64.ActiveCfg = Remote|x64
		{C0D1BFE9-46D9-4C57-8618-71C28BBBD6E7}.Remote|x64.Build.0 = Remote|x64
		{E4ABEA2A-F4DA-471F-81CD-6CA9AC3D46CF}.Debug|x64.ActiveCfg = Debug|x64
		{E4ABEA2A-F4DA-471F-81CD-6CA9AC3D46CF}.Debug|x64.Build.0 = Debug|x64
		{E4ABEA2A-F4DA-471F-81CD-6CA9AC3D46CF}.Release|x64.ActiveCfg = Release|x64
		{E4ABEA2A-F4DA-471F-81CD-6CA9AC3D46CF}.Release|x64.Build.0 = Release|x64
		{E4ABEA2A-F4DA-471F-81CD-6CA9AC3D46CF}.Remote|x64.ActiveCfg = Release|x64
		{E4ABEA2A-F4DA-471F-81CD-6CA9AC3D46CF}.Remote|x64.Build.0 = Release|x64
		{7DC066E0-74CF-4274-B613-2D19309EC587}.Debug|x64.ActiveCfg = Debug|x64
		{7DC066E0-74CF-4274-B613-2D19309EC587}.Debug|x64.Build.0 = Debug|x64
		{7DC066E0-74CF-4274-B613-2D19309EC587}.Release|x64.ActiveCfg = Release|x64
		{7DC066E0-74CF-4274-B613-2D19309EC587}.Release|x64.Build.0 = Release|x64
		{7DC066E0-74CF-4274-B613-2D19309EC587}.Remote|x64.ActiveCfg = Release|x64
		{7DC066E0-74CF-4274-B613-2D19309EC587}.Remote|x64.Build.0 = Release|x64
		{D2087BF3-1D03-48D3-AA04-F77B84BD8160}.Debug|x64.ActiveCfg = Debug|x64
		{D2087BF3-1D03-48D3-AA04-F77B84BD8160}.Debug|x64.Build.0 = Debug|x64
		{D2087BF3-1D03-48D3-AA04-F77B84BD8160}.Release|x64.ActiveCfg = Release|x64
		{D2087BF3-1D03-48D3-AA04-F77B84BD8160}.Release|x64.Build.0 = Release|x64
		{D2087BF3-1D03-48D3-AA04-F77B84BD8160}.Remote|x64.ActiveCfg = Release|x64
		{D2087BF3-1D03-48D3-AA04-F77B84BD8160}.Remote|x64.Build.0 = Release|x64
		{B12EC054-076F-4F0E-9B1B-E852961D1A13}.Debug|x64.ActiveCfg = Debug|x64
		{B12EC054-076F-4F0E-9B1B-E852961D1A13}.Debug|x64.Build.0 = Debug|x64
		{B12EC054-076F-4F0E-9B1B-E852961D1A13}.Release|x64.ActiveCfg = Release|x64
		{B12EC054-076F-4F0E-9B1B-E852961D1A13}.Release|x64.Build.0 = Release|x64
		{B12EC054-076F-4F0E-9B1B-E852961D1A13}.Remote|x64.ActiveCfg = Release|x64
		{B12EC054-076F-4F0E-9B1B-E852961D1A13}.Remote|x64.Build.0 = Release|x64
		{19E3363C-B9FC-4BD0-B3D6-2BD2FDDC3F64}.Debug|x64.ActiveCfg = Debug|Any CPU
		{19E3363C-B9FC-4BD0-B3D6-2BD2FDDC3F64}.Debug|x64.Build.0 = Debug|Any CPU
		{19E3363C-B9FC-4BD0-B3D6-2BD2FDDC3F64}.Release|x64.ActiveCfg = Release|Any CPU
		{19E3363C-B9FC-4BD0-B3D6-2BD2FDDC3F64}.Release|x64.Build.0 = Release|Any CPU
		{19E3363C-B9FC-4BD0-B3D6-2BD2FDDC3F64}.Remote|x64.ActiveCfg = Release|Any CPU
		{19E3363C-B9FC-4BD0-B3D6-2BD2FDDC3F64}.Remote|x64.Build.0 = Release|Any CPU
		{7EA82D08-2518-4F83-8E37-A43D72E4F2B8}.Debug|x64.ActiveCfg = Debug|x64
		{7EA82D08-2518-4F83-8E37-A43D72E4F2B8}.Debug|x64.Build.0 = Debug|x64
		{7EA82D08-2518-4F83-8E37-A43D72E4F2B8}.Release|x64.ActiveCfg = Release|x64
		{7EA82D08-2518-4F83-8E37-A43D72E4F2B8}.Release|x64.Build.0 = Release|x64
		{7EA82D08-2518-4F83-8E37-A43D72E4F2B8}.Remote|x64.ActiveCfg = Release|x64
		{7EA82D08-2518-4F83-8E37-A43D72E4F2B8}.Remote|x64.Build.0 = Release|x64
		{32A9B95E-0760-4525-ABDE-40AFDA515F51}.Debug|x64.ActiveCfg = Debug|x64
		{32A9B95E-0760-4525-ABDE-40AFDA515F51}.Debug|x64.Build.0 = Debug|x64
		{32A9B95E-0760-4525-ABDE-40AFDA515F51}.Release|x64.ActiveCfg = Release|x64
		{32A9B95E-0760-4525-ABDE-40AFDA515F51}.Release|x64.Build.0 = Release|x64
		{32A9B95E-0760-4525-ABDE-40AFDA515F51}.Remote|x64.ActiveCfg = Release|x64
		{32A9B95E-0760-4525-ABDE-40AFDA515F51}.Remote|x64.Build.0 = Release|x64
		{AD144E68-9040-499B-9DE2-4B3A7CA0C592}.Debug|x64.ActiveCfg = Debug|x64
		{AD144E68-9040-499B-9DE2-4B3A7CA0C592}.Debug|x64.Build.0 = Debug|x64
		{AD144E68-9040-499B-9DE2-4B3A7CA0C592}.Release|x64.ActiveCfg = Release|x64
		{AD144E68-9040-499B-9DE2-4B3A7CA0C592}.Release|x64.Build.0 = Release|x64
		{AD144E68-9040-499B-9DE2-4B3A7CA0C592}.Remote|x64.ActiveCfg = Release|x64
		{AD144E68-9040-499B-9DE2-4B3A7CA0C592}.Remote|x64.Build.0 = Release|x64
	EndGlobalSection
	GlobalSection(SolutionProperties) = preSolution
		HideSolutionNode = FALSE
	EndGlobalSection
	GlobalSection(NestedProjects) = preSolution
		{0BD31B0D-4675-460F-BF03-82AFAFDD1D1F} = {B6FF48BA-3E72-4A24-844C-00D565AC0A14}
		{532B9DD5-C3DC-4F76-8CF4-233C867FC2D3} = {B6FF48BA-3E72-4A24-844C-00D565AC0A14}
		{88F6F6BE-0858-41E6-9CE2-3704AEFC12A7} = {B6FF48BA-3E72-4A24-844C-00D565AC0A14}
		{6BCC6601-4E70-4066-889C-CDA17497878A} = {B6FF48BA-3E72-4A24-844C-00D565AC0A14}
		{146F582A-9D90-4EBB-8D2A-52C34D1A6FAA} = {B6FF48BA-3E72-4A24-844C-00D565AC0A14}
		{B76F4559-5319-42F1-9FF5-B50A86F9F42A} = {C4441AFD-AEBF-4AEA-8BE8-2C27F3CC962A}
		{31D44018-B406-4AB2-9E29-6A301D72C752} = {C4441AFD-AEBF-4AEA-8BE8-2C27F3CC962A}
		{E71833D5-90EF-476C-9EF0-A54ECCA8F89B} = {6FF659D0-3D15-43D1-9FFC-4DDFBEA9718F}
		{BA55C84C-C99C-45CF-BAE5-313111435EF2} = {F880D426-F51F-4EE2-BFE1-DEBBB3370A53}
		{958FF4A0-9B33-4D1A-9F6B-778EE0404E29} = {F880D426-F51F-4EE2-BFE1-DEBBB3370A53}
		{A35BDC68-90FE-4235-AB8E-22909A342DDD} = {C4441AFD-AEBF-4AEA-8BE8-2C27F3CC962A}
		{780A8AEB-BF39-4A8F-9E61-C7FC4F0C360C} = {C4441AFD-AEBF-4AEA-8BE8-2C27F3CC962A}
		{F862D675-0839-4DFE-8331-632D7D93FD2B} = {C4441AFD-AEBF-4AEA-8BE8-2C27F3CC962A}
		{EDB385ED-F65B-4A17-B01C-FFC45F87F395} = {F880D426-F51F-4EE2-BFE1-DEBBB3370A53}
		{B647AA2B-5321-4F97-8AA4-6D3EB4BBBB6F} = {6FF659D0-3D15-43D1-9FFC-4DDFBEA9718F}
		{7343E094-7498-4127-B5BF-690199A9BE97} = {F880D426-F51F-4EE2-BFE1-DEBBB3370A53}
		{33E74ECA-65BE-4B02-83B1-4920BC5E2377} = {6FF659D0-3D15-43D1-9FFC-4DDFBEA9718F}
		{C790B7E6-FF8A-4A33-B05D-80611D47DDEC} = {F880D426-F51F-4EE2-BFE1-DEBBB3370A53}
		{576A1A0E-E31B-4BB1-BAB6-988DB24AC9B6} = {6FF659D0-3D15-43D1-9FFC-4DDFBEA9718F}
		{37A79BE6-430A-4B30-BA84-FDFF760DF270} = {F880D426-F51F-4EE2-BFE1-DEBBB3370A53}
		{16528750-631B-444F-8B2E-2BDC2847157F} = {C4441AFD-AEBF-4AEA-8BE8-2C27F3CC962A}
		{0DA5D240-2E0A-48F5-9826-BC72B4BDDB47} = {6FF659D0-3D15-43D1-9FFC-4DDFBEA9718F}
		{4E540BE5-65F2-4CD0-8AA8-81CFCB53BA75} = {6FF659D0-3D15-43D1-9FFC-4DDFBEA9718F}
		{2907F38C-7BA3-42BB-AB9C-E9B3C4CCBD76} = {2976DA9D-5BEA-4DB3-930C-FCAD8FDC4D13}
		{0902BA13-959B-4B0E-A559-7E93CFA60B4B} = {2976DA9D-5BEA-4DB3-930C-FCAD8FDC4D13}
		{F944A89B-488F-4BD0-9F9A-4C36E93DFD44} = {2976DA9D-5BEA-4DB3-930C-FCAD8FDC4D13}
		{879EE343-D5D0-48A4-9F9A-FEC6CE364786} = {2976DA9D-5BEA-4DB3-930C-FCAD8FDC4D13}
		{7B4FC8FC-F230-45C5-82DC-6002F2D56B41} = {4088F98C-0F64-496D-B2BD-017CBE0D6394}
		{4088F98C-0F64-496D-B2BD-017CBE0D6394} = {749E8F8F-F83B-411F-B2C0-3AC4041353B2}
		{2976DA9D-5BEA-4DB3-930C-FCAD8FDC4D13} = {7B4FC8FC-F230-45C5-82DC-6002F2D56B41}
		{C0FB3279-D492-43BC-89D4-A481F51EA4AE} = {9C69C5A3-7095-40B2-98D8-8E26164D3B44}
		{62A1B49D-E05B-4373-8AA6-03E8EC07838C} = {6FF659D0-3D15-43D1-9FFC-4DDFBEA9718F}
		{75C390CD-CB53-4971-A063-B3D6F0345B4F} = {6FF659D0-3D15-43D1-9FFC-4DDFBEA9718F}
		{4EDDA407-B9AD-423C-AC21-C345EAEF8D42} = {6FF659D0-3D15-43D1-9FFC-4DDFBEA9718F}
		{89DA2494-05A2-4464-8658-2C5193B9463B} = {A38F4419-6FF0-4268-832E-F7D0E121098F}
		{278FA4C9-9E04-44EC-ACB2-2CBF0201E47B} = {A38F4419-6FF0-4268-832E-F7D0E121098F}
		{6B737D07-A337-489D-96B6-D79D8836EED6} = {A38F4419-6FF0-4268-832E-F7D0E121098F}
		{851FB6FA-7740-44B8-9ED1-AD92058B5F68} = {FF3A13D0-593C-49A4-917C-8CB56ED6AB07}
		{D27E7D32-E086-4CA1-A1C4-61F2CFC96E99} = {FF3A13D0-593C-49A4-917C-8CB56ED6AB07}
		{9814CB2F-F8F1-40B3-9F77-56D7C92994FB} = {FF3A13D0-593C-49A4-917C-8CB56ED6AB07}
		{D4E91BA9-A568-4EC8-93DC-FD14A012026B} = {FF3A13D0-593C-49A4-917C-8CB56ED6AB07}
		{973EF609-111C-4845-B222-48D2653A27C0} = {A38F4419-6FF0-4268-832E-F7D0E121098F}
		{4F0D8D8A-EBDE-4092-93D6-5C8AC1E758B4} = {A38F4419-6FF0-4268-832E-F7D0E121098F}
		{29FD42D2-64C1-45C9-AB9A-D223E1334522} = {C4441AFD-AEBF-4AEA-8BE8-2C27F3CC962A}
		{D616CBB4-B2EB-4787-8BB9-08968A580F56} = {6FF659D0-3D15-43D1-9FFC-4DDFBEA9718F}
		{7F946B56-711E-48E8-A4A8-69A206D55EE9} = {6FF659D0-3D15-43D1-9FFC-4DDFBEA9718F}
		{F39A45C6-FE07-4B27-9F9B-7AA93F0E6BEB} = {C4441AFD-AEBF-4AEA-8BE8-2C27F3CC962A}
		{582E2425-A138-48AC-B8B6-CC913AAEFD4D} = {A38F4419-6FF0-4268-832E-F7D0E121098F}
		{5A0CE351-40D8-405A-A9FD-28B7A3755CDC} = {582E2425-A138-48AC-B8B6-CC913AAEFD4D}
		{74D0A268-FD7E-4B01-BB67-E6B65070452F} = {582E2425-A138-48AC-B8B6-CC913AAEFD4D}
		{2C974F5A-243A-435A-AA19-3E418BE256DE} = {C4441AFD-AEBF-4AEA-8BE8-2C27F3CC962A}
		{7AF233DF-35B8-4492-BDDA-884A52BE8949} = {A38F4419-6FF0-4268-832E-F7D0E121098F}
		{D18DEEE7-C805-40E1-9ED9-33AACD1A0540} = {7AF233DF-35B8-4492-BDDA-884A52BE8949}
		{9756BC75-5435-4FB7-BA0E-B1371F0A2996} = {6FF659D0-3D15-43D1-9FFC-4DDFBEA9718F}
		{A00A0C9D-D12F-4089-8302-3BC3EB0F531E} = {6FF659D0-3D15-43D1-9FFC-4DDFBEA9718F}
		{B2744F26-FC35-4351-970F-7834511F8812} = {6FF659D0-3D15-43D1-9FFC-4DDFBEA9718F}
		{80AF2E1B-7B13-491D-9C7B-8DFF5414A618} = {C4BB6294-7216-4F78-9595-748A51ECDCAA}
		{6DD1F516-2816-4308-846B-95E4D454FA58} = {A38F4419-6FF0-4268-832E-F7D0E121098F}
		{928F1530-124F-4360-9533-EF475FE9E089} = {6DD1F516-2816-4308-846B-95E4D454FA58}
		{813F4B18-2FF7-468E-9B7B-E65D3ABBDD42} = {6FF659D0-3D15-43D1-9FFC-4DDFBEA9718F}
		{C7CF213E-C500-4252-8B02-76F44B21A4F2} = {6DD1F516-2816-4308-846B-95E4D454FA58}
		{EB48AC36-90B8-4767-B74E-3E81689B4F05} = {ABBC5C9B-D5FC-4655-9D66-58BD35ADD314}
		{ABBC5C9B-D5FC-4655-9D66-58BD35ADD314} = {7B4FC8FC-F230-45C5-82DC-6002F2D56B41}
		{4BEE065A-90A7-471C-B508-AFE44C0FBB06} = {ABBC5C9B-D5FC-4655-9D66-58BD35ADD314}
		{969B0F26-2C19-44F2-BED7-69B30ABEB0A6} = {6DD1F516-2816-4308-846B-95E4D454FA58}
		{846E315A-CA7A-43CC-9CEE-B8485FC3308E} = {7AF233DF-35B8-4492-BDDA-884A52BE8949}
		{6A2B050D-9328-4228-95C3-1FD6AA4B0DF3} = {7AF233DF-35B8-4492-BDDA-884A52BE8949}
		{7B1241EC-F38E-48A2-A577-EDD684223A9C} = {6FF659D0-3D15-43D1-9FFC-4DDFBEA9718F}
		{01AED387-A6F4-4533-931F-E2586C7D7D7A} = {7AF233DF-35B8-4492-BDDA-884A52BE8949}
		{6063B3C0-645D-4CAA-8CB6-0D8513DF6B08} = {F880D426-F51F-4EE2-BFE1-DEBBB3370A53}
		{06E94CB0-41BE-4A31-930A-3F42818953A7} = {C4441AFD-AEBF-4AEA-8BE8-2C27F3CC962A}
		{D7609AC8-4A21-4ED7-BD32-D6175560F76D} = {F880D426-F51F-4EE2-BFE1-DEBBB3370A53}
		{8E7443EB-77BD-45FF-88B1-275CE294288E} = {A38F4419-6FF0-4268-832E-F7D0E121098F}
		{624B625C-2420-4B5A-8394-3FA893D345C4} = {7AF233DF-35B8-4492-BDDA-884A52BE8949}
		{DF9453F2-5D25-4BF8-845B-B07742E93E2E} = {6DD1F516-2816-4308-846B-95E4D454FA58}
		{C0D1BFE9-46D9-4C57-8618-71C28BBBD6E7} = {F880D426-F51F-4EE2-BFE1-DEBBB3370A53}
		{E4ABEA2A-F4DA-471F-81CD-6CA9AC3D46CF} = {F880D426-F51F-4EE2-BFE1-DEBBB3370A53}
		{7DC066E0-74CF-4274-B613-2D19309EC587} = {6DD1F516-2816-4308-846B-95E4D454FA58}
		{D2087BF3-1D03-48D3-AA04-F77B84BD8160} = {9C69C5A3-7095-40B2-98D8-8E26164D3B44}
		{B12EC054-076F-4F0E-9B1B-E852961D1A13} = {6FF659D0-3D15-43D1-9FFC-4DDFBEA9718F}
		{19E3363C-B9FC-4BD0-B3D6-2BD2FDDC3F64} = {B6FF48BA-3E72-4A24-844C-00D565AC0A14}
		{7EA82D08-2518-4F83-8E37-A43D72E4F2B8} = {6FF659D0-3D15-43D1-9FFC-4DDFBEA9718F}
		{32A9B95E-0760-4525-ABDE-40AFDA515F51} = {6DD1F516-2816-4308-846B-95E4D454FA58}
		{AD144E68-9040-499B-9DE2-4B3A7CA0C592} = {F880D426-F51F-4EE2-BFE1-DEBBB3370A53}
	EndGlobalSection
	GlobalSection(ExtensibilityGlobals) = postSolution
		SolutionGuid = {B8E3D67E-5D5F-41DF-BDD7-441C6E1705BC}
	EndGlobalSection
EndGlobal
